
Microsoft Visual Studio Solution File, Format Version 12.00
# Visual Studio Version 16
VisualStudioVersion = 16.0.30711.63
MinimumVisualStudioVersion = 10.0.40219.1
Project("{FAE04EC0-301F-11D3-BF4B-00C04F79EFBC}") = "Basic", "Basic\Basic.csproj", "{4CAA4BBB-3F1D-4506-AA64-80D3B6E28DE9}"
EndProject
Project("{9A19103F-16F7-4668-BE54-9A1E7A4F7556}") = "GettingUsedToTheConsole", "GettingUsedToTheConsole\GettingUsedToTheConsole.csproj", "{7C5AAAB6-A714-4FEC-823B-90D987AADE70}"
EndProject
Project("{9A19103F-16F7-4668-BE54-9A1E7A4F7556}") = "GenericClass", "GenericClass\GenericClass.csproj", "{652EACFB-321D-49A0-8691-94DD01D41A7C}"
EndProject
Project("{9A19103F-16F7-4668-BE54-9A1E7A4F7556}") = "ClassAndMethod", "ClassAndMethod\ClassAndMethod.csproj", "{0EF34D03-B6AC-49D2-BE1E-B986B496A459}"
EndProject
Project("{FAE04EC0-301F-11D3-BF4B-00C04F79EFBC}") = "TestLibrary", "TestLibrary\TestLibrary.csproj", "{17BC7F9A-4F0E-47FD-AC29-A05A7B32A895}"
EndProject
Project("{9A19103F-16F7-4668-BE54-9A1E7A4F7556}") = "TestLibraryConsole", "TestLibraryConsole\TestLibraryConsole.csproj", "{709BF643-6184-4140-AE6B-4D57E6505A07}"
EndProject
Project("{FAE04EC0-301F-11D3-BF4B-00C04F79EFBC}") = "TestWebApplication", "TestWebApplication\TestWebApplication.csproj", "{DB4F4F2B-06D9-461A-9E18-EF6A5319DDF7}"
EndProject
Project("{FAE04EC0-301F-11D3-BF4B-00C04F79EFBC}") = "TestMVCWeb", "TestMVCWeb\TestMVCWeb.csproj", "{B5DC34B4-504F-4F20-BA7E-CB8592C99017}"
EndProject
Project("{FAE04EC0-301F-11D3-BF4B-00C04F79EFBC}") = "WebDBConnect", "WebDBConnect\WebDBConnect.csproj", "{01A1D2EC-9D12-4A1E-B155-6601344845B9}"
EndProject
Global
	GlobalSection(SolutionConfigurationPlatforms) = preSolution
		Debug|Any CPU = Debug|Any CPU
		Release|Any CPU = Release|Any CPU
	EndGlobalSection
	GlobalSection(ProjectConfigurationPlatforms) = postSolution
		{4CAA4BBB-3F1D-4506-AA64-80D3B6E28DE9}.Debug|Any CPU.ActiveCfg = Debug|Any CPU
		{4CAA4BBB-3F1D-4506-AA64-80D3B6E28DE9}.Debug|Any CPU.Build.0 = Debug|Any CPU
		{4CAA4BBB-3F1D-4506-AA64-80D3B6E28DE9}.Release|Any CPU.ActiveCfg = Release|Any CPU
		{4CAA4BBB-3F1D-4506-AA64-80D3B6E28DE9}.Release|Any CPU.Build.0 = Release|Any CPU
		{7C5AAAB6-A714-4FEC-823B-90D987AADE70}.Debug|Any CPU.ActiveCfg = Debug|Any CPU
		{7C5AAAB6-A714-4FEC-823B-90D987AADE70}.Debug|Any CPU.Build.0 = Debug|Any CPU
		{7C5AAAB6-A714-4FEC-823B-90D987AADE70}.Release|Any CPU.ActiveCfg = Release|Any CPU
		{7C5AAAB6-A714-4FEC-823B-90D987AADE70}.Release|Any CPU.Build.0 = Release|Any CPU
		{652EACFB-321D-49A0-8691-94DD01D41A7C}.Debug|Any CPU.ActiveCfg = Debug|Any CPU
		{652EACFB-321D-49A0-8691-94DD01D41A7C}.Debug|Any CPU.Build.0 = Debug|Any CPU
		{652EACFB-321D-49A0-8691-94DD01D41A7C}.Release|Any CPU.ActiveCfg = Release|Any CPU
		{652EACFB-321D-49A0-8691-94DD01D41A7C}.Release|Any CPU.Build.0 = Release|Any CPU
		{0EF34D03-B6AC-49D2-BE1E-B986B496A459}.Debug|Any CPU.ActiveCfg = Debug|Any CPU
		{0EF34D03-B6AC-49D2-BE1E-B986B496A459}.Debug|Any CPU.Build.0 = Debug|Any CPU
		{0EF34D03-B6AC-49D2-BE1E-B986B496A459}.Release|Any CPU.ActiveCfg = Release|Any CPU
		{0EF34D03-B6AC-49D2-BE1E-B986B496A459}.Release|Any CPU.Build.0 = Release|Any CPU
		{17BC7F9A-4F0E-47FD-AC29-A05A7B32A895}.Debug|Any CPU.ActiveCfg = Debug|Any CPU
		{17BC7F9A-4F0E-47FD-AC29-A05A7B32A895}.Debug|Any CPU.Build.0 = Debug|Any CPU
		{17BC7F9A-4F0E-47FD-AC29-A05A7B32A895}.Release|Any CPU.ActiveCfg = Release|Any CPU
		{17BC7F9A-4F0E-47FD-AC29-A05A7B32A895}.Release|Any CPU.Build.0 = Release|Any CPU
		{709BF643-6184-4140-AE6B-4D57E6505A07}.Debug|Any CPU.ActiveCfg = Debug|Any CPU
		{709BF643-6184-4140-AE6B-4D57E6505A07}.Debug|Any CPU.Build.0 = Debug|Any CPU
		{709BF643-6184-4140-AE6B-4D57E6505A07}.Release|Any CPU.ActiveCfg = Release|Any CPU
		{709BF643-6184-4140-AE6B-4D57E6505A07}.Release|Any CPU.Build.0 = Release|Any CPU
		{DB4F4F2B-06D9-461A-9E18-EF6A5319DDF7}.Debug|Any CPU.ActiveCfg = Debug|Any CPU
		{DB4F4F2B-06D9-461A-9E18-EF6A5319DDF7}.Debug|Any CPU.Build.0 = Debug|Any CPU
		{DB4F4F2B-06D9-461A-9E18-EF6A5319DDF7}.Release|Any CPU.ActiveCfg = Release|Any CPU
		{DB4F4F2B-06D9-461A-9E18-EF6A5319DDF7}.Release|Any CPU.Build.0 = Release|Any CPU
		{B5DC34B4-504F-4F20-BA7E-CB8592C99017}.Debug|Any CPU.ActiveCfg = Debug|Any CPU
		{B5DC34B4-504F-4F20-BA7E-CB8592C99017}.Debug|Any CPU.Build.0 = Debug|Any CPU
		{B5DC34B4-504F-4F20-BA7E-CB8592C99017}.Release|Any CPU.ActiveCfg = Release|Any CPU
		{B5DC34B4-504F-4F20-BA7E-CB8592C99017}.Release|Any CPU.Build.0 = Release|Any CPU
		{01A1D2EC-9D12-4A1E-B155-6601344845B9}.Debug|Any CPU.ActiveCfg = Debug|Any CPU
		{01A1D2EC-9D12-4A1E-B155-6601344845B9}.Debug|Any CPU.Build.0 = Debug|Any CPU
		{01A1D2EC-9D12-4A1E-B155-6601344845B9}.Release|Any CPU.ActiveCfg = Release|Any CPU
		{01A1D2EC-9D12-4A1E-B155-6601344845B9}.Release|Any CPU.Build.0 = Release|Any CPU
	EndGlobalSection
	GlobalSection(SolutionProperties) = preSolution
		HideSolutionNode = FALSE
	EndGlobalSection
	GlobalSection(ExtensibilityGlobals) = postSolution
		SolutionGuid = {CE5D1DFD-65CC-4660-A01A-998978F23C78}
	EndGlobalSection
EndGlobal
