
Microsoft Visual Studio Solution File, Format Version 12.00
# Visual Studio Version 16
VisualStudioVersion = 16.0.30711.63
MinimumVisualStudioVersion = 10.0.40219.1
Project("{FAE04EC0-301F-11D3-BF4B-00C04F79EFBC}") = "Basic", "Basic\Basic.csproj", "{4CAA4BBB-3F1D-4506-AA64-80D3B6E28DE9}"
EndProject
Global
	GlobalSection(SolutionConfigurationPlatforms) = preSolution
		Debug|Any CPU = Debug|Any CPU
		Release|Any CPU = Release|Any CPU
	EndGlobalSection
	GlobalSection(ProjectConfigurationPlatforms) = postSolution
		{4CAA4BBB-3F1D-4506-AA64-80D3B6E28DE9}.Debug|Any CPU.ActiveCfg = Debug|Any CPU
		{4CAA4BBB-3F1D-4506-AA64-80D3B6E28DE9}.Debug|Any CPU.Build.0 = Debug|Any CPU
		{4CAA4BBB-3F1D-4506-AA64-80D3B6E28DE9}.Release|Any CPU.ActiveCfg = Release|Any CPU
		{4CAA4BBB-3F1D-4506-AA64-80D3B6E28DE9}.Release|Any CPU.Build.0 = Release|Any CPU
	EndGlobalSection
	GlobalSection(SolutionProperties) = preSolution
		HideSolutionNode = FALSE
	EndGlobalSection
	GlobalSection(ExtensibilityGlobals) = postSolution
		SolutionGuid = {CE5D1DFD-65CC-4660-A01A-998978F23C78}
	EndGlobalSection
EndGlobal
